
Microsoft Visual Studio Solution File, Format Version 12.00
# Visual Studio Version 16
VisualStudioVersion = 16.0.31005.135
MinimumVisualStudioVersion = 10.0.40219.1
Project("{FAE04EC0-301F-11D3-BF4B-00C04F79EFBC}") = "CoreAracKiralama", "CoreAracKiralama\CoreAracKiralama.csproj", "{FA2FA496-BDA8-4A00-B6AD-5224BF0220AA}"
EndProject
Global
	GlobalSection(SolutionConfigurationPlatforms) = preSolution
		Debug|Any CPU = Debug|Any CPU
		Release|Any CPU = Release|Any CPU
	EndGlobalSection
	GlobalSection(ProjectConfigurationPlatforms) = postSolution
		{FA2FA496-BDA8-4A00-B6AD-5224BF0220AA}.Debug|Any CPU.ActiveCfg = Debug|Any CPU
		{FA2FA496-BDA8-4A00-B6AD-5224BF0220AA}.Debug|Any CPU.Build.0 = Debug|Any CPU
		{FA2FA496-BDA8-4A00-B6AD-5224BF0220AA}.Release|Any CPU.ActiveCfg = Release|Any CPU
		{FA2FA496-BDA8-4A00-B6AD-5224BF0220AA}.Release|Any CPU.Build.0 = Release|Any CPU
	EndGlobalSection
	GlobalSection(SolutionProperties) = preSolution
		HideSolutionNode = FALSE
	EndGlobalSection
	GlobalSection(ExtensibilityGlobals) = postSolution
		SolutionGuid = {3C126EF2-B2FC-4152-AE17-711282CEEDE9}
	EndGlobalSection
EndGlobal
